Microsoft Visual Studio Solution File, Format Version 11.00
# Visual Studio 2008

Project("{EAE0F8A6-86CD-84F5-2218-0CF9F848D05F}") = "jagoangitar", "Assembly-CSharp.csproj", "{FA60C581-0FEE-396F-32BB-05BD36DCBBCF}"
EndProject
Global
	GlobalSection(SolutionConfigurationPlatforms) = preSolution
		Debug|Any CPU = Debug|Any CPU
		Release|Any CPU = Release|Any CPU
	EndGlobalSection
	GlobalSection(ProjectConfigurationPlatforms) = postSolution
		{FA60C581-0FEE-396F-32BB-05BD36DCBBCF}.Debug|Any CPU.ActiveCfg = Debug|Any CPU
		{FA60C581-0FEE-396F-32BB-05BD36DCBBCF}.Debug|Any CPU.Build.0 = Debug|Any CPU
		{FA60C581-0FEE-396F-32BB-05BD36DCBBCF}.Release|Any CPU.ActiveCfg = Release|Any CPU
		{FA60C581-0FEE-396F-32BB-05BD36DCBBCF}.Release|Any CPU.Build.0 = Release|Any CPU
	EndGlobalSection
	GlobalSection(SolutionProperties) = preSolution
		HideSolutionNode = FALSE
	EndGlobalSection
	GlobalSection(MonoDevelopProperties) = preSolution
		StartupItem = Assembly-CSharp.csproj
	EndGlobalSection
EndGlobal
